// !$*UTF8*$!
{
	archiveVersion = 1;
	classes = {
	};
	objectVersion = 50;
	objects = {

/* Begin PBXBuildFile section */
		6C68D293251A79B900FBAA36 /* AppDelegate.swift in Sources */ = {isa = PBXBuildFile; fileRef = 6C68D292251A79B900FBAA36 /* AppDelegate.swift */; };
		6C68D295251A79B900FBAA36 /* SceneDelegate.swift in Sources */ = {isa = PBXBuildFile; fileRef = 6C68D294251A79B900FBAA36 /* SceneDelegate.swift */; };
		6C68D29A251A79B900FBAA36 /* Main.storyboard in Resources */ = {isa = PBXBuildFile; fileRef = 6C68D298251A79B900FBAA36 /* Main.storyboard */; };
		6C68D29C251A79BB00FBAA36 /* Assets.xcassets in Resources */ = {isa = PBXBuildFile; fileRef = 6C68D29B251A79BB00FBAA36 /* Assets.xcassets */; };
		6C68D29F251A79BB00FBAA36 /* LaunchScreen.storyboard in Resources */ = {isa = PBXBuildFile; fileRef = 6C68D29D251A79BB00FBAA36 /* LaunchScreen.storyboard */; };
		6C68D2B4251A8A5700FBAA36 /* Card.swift in Sources */ = {isa = PBXBuildFile; fileRef = 6C68D2B3251A8A5700FBAA36 /* Card.swift */; };
		6C68D2B7251A8B4D00FBAA36 /* CardController.swift in Sources */ = {isa = PBXBuildFile; fileRef = 6C68D2B6251A8B4D00FBAA36 /* CardController.swift */; };
		6C68D2BF251A8DA800FBAA36 /* CardError.swift in Sources */ = {isa = PBXBuildFile; fileRef = 6C68D2BE251A8DA800FBAA36 /* CardError.swift */; };
		6C68D2C3251A96E200FBAA36 /* UIViewControllerExtension.swift in Sources */ = {isa = PBXBuildFile; fileRef = 6C68D2C2251A96E200FBAA36 /* UIViewControllerExtension.swift */; };
		6C68D2C6251A995600FBAA36 /* CardViewController.swift in Sources */ = {isa = PBXBuildFile; fileRef = 6C68D2C5251A995600FBAA36 /* CardViewController.swift */; };
/* End PBXBuildFile section */

/* Begin PBXFileReference section */
		6C68D28F251A79B900FBAA36 /* DeckOfOneCard.app */ = {isa = PBXFileReference; explicitFileType = wrapper.application; includeInIndex = 0; path = DeckOfOneCard.app; sourceTree = BUILT_PRODUCTS_DIR; };
		6C68D292251A79B900FBAA36 /* AppDelegate.swift */ = {isa = PBXFileReference; lastKnownFileType = sourcecode.swift; path = AppDelegate.swift; sourceTree = "<group>"; };
		6C68D294251A79B900FBAA36 /* SceneDelegate.swift */ = {isa = PBXFileReference; lastKnownFileType = sourcecode.swift; path = SceneDelegate.swift; sourceTree = "<group>"; };
		6C68D299251A79B900FBAA36 /* Base */ = {isa = PBXFileReference; lastKnownFileType = file.storyboard; name = Base; path = Base.lproj/Main.storyboard; sourceTree = "<group>"; };
		6C68D29B251A79BB00FBAA36 /* Assets.xcassets */ = {isa = PBXFileReference; lastKnownFileType = folder.assetcatalog; path = Assets.xcassets; sourceTree = "<group>"; };
		6C68D29E251A79BB00FBAA36 /* Base */ = {isa = PBXFileReference; lastKnownFileType = file.storyboard; name = Base; path = Base.lproj/LaunchScreen.storyboard; sourceTree = "<group>"; };
		6C68D2A0251A79BB00FBAA36 /* Info.plist */ = {isa = PBXFileReference; lastKnownFileType = text.plist.xml; path = Info.plist; sourceTree = "<group>"; };
		6C68D2B3251A8A5700FBAA36 /* Card.swift */ = {isa = PBXFileReference; lastKnownFileType = sourcecode.swift; path = Card.swift; sourceTree = "<group>"; };
		6C68D2B6251A8B4D00FBAA36 /* CardController.swift */ = {isa = PBXFileReference; lastKnownFileType = sourcecode.swift; path = CardController.swift; sourceTree = "<group>"; };
		6C68D2BE251A8DA800FBAA36 /* CardError.swift */ = {isa = PBXFileReference; lastKnownFileType = sourcecode.swift; path = CardError.swift; sourceTree = "<group>"; };
		6C68D2C2251A96E200FBAA36 /* UIViewControllerExtension.swift */ = {isa = PBXFileReference; lastKnownFileType = sourcecode.swift; path = UIViewControllerExtension.swift; sourceTree = "<group>"; };
		6C68D2C5251A995600FBAA36 /* CardViewController.swift */ = {isa = PBXFileReference; lastKnownFileType = sourcecode.swift; path = CardViewController.swift; sourceTree = "<group>"; };
/* End PBXFileReference section */

/* Begin PBXFrameworksBuildPhase section */
		6C68D28C251A79B900FBAA36 /* Frameworks */ = {
			isa = PBXFrameworksBuildPhase;
			buildActionMask = 2147483647;
			files = (
			);
			runOnlyForDeploymentPostprocessing = 0;
		};
/* End PBXFrameworksBuildPhase section */

/* Begin PBXGroup section */
		6C68D286251A79B800FBAA36 = {
			isa = PBXGroup;
			children = (
				6C68D291251A79B900FBAA36 /* DeckOfOneCard */,
				6C68D290251A79B900FBAA36 /* Products */,
			);
			sourceTree = "<group>";
		};
		6C68D290251A79B900FBAA36 /* Products */ = {
			isa = PBXGroup;
			children = (
				6C68D28F251A79B900FBAA36 /* DeckOfOneCard.app */,
			);
			name = Products;
			sourceTree = "<group>";
		};
		6C68D291251A79B900FBAA36 /* DeckOfOneCard */ = {
			isa = PBXGroup;
			children = (
				6C68D2B1251A824D00FBAA36 /* Views */,
				6C68D2AD251A822600FBAA36 /* Controllers */,
				6C68D2AC251A81F300FBAA36 /* Helpers */,
				6C68D2AB251A81E600FBAA36 /* Models */,
				6C68D2A9251A819B00FBAA36 /* References */,
			);
			path = DeckOfOneCard;
			sourceTree = "<group>";
		};
		6C68D2A8251A818200FBAA36 /* View Controllers */ = {
			isa = PBXGroup;
			children = (
				6C68D2C5251A995600FBAA36 /* CardViewController.swift */,
			);
			path = "View Controllers";
			sourceTree = "<group>";
		};
		6C68D2A9251A819B00FBAA36 /* References */ = {
			isa = PBXGroup;
			children = (
				6C68D292251A79B900FBAA36 /* AppDelegate.swift */,
				6C68D294251A79B900FBAA36 /* SceneDelegate.swift */,
				6C68D29B251A79BB00FBAA36 /* Assets.xcassets */,
				6C68D29D251A79BB00FBAA36 /* LaunchScreen.storyboard */,
				6C68D2A0251A79BB00FBAA36 /* Info.plist */,
			);
			path = References;
			sourceTree = "<group>";
		};
		6C68D2AB251A81E600FBAA36 /* Models */ = {
			isa = PBXGroup;
			children = (
				6C68D2B3251A8A5700FBAA36 /* Card.swift */,
			);
			path = Models;
			sourceTree = "<group>";
		};
		6C68D2AC251A81F300FBAA36 /* Helpers */ = {
			isa = PBXGroup;
			children = (
				6C68D2BE251A8DA800FBAA36 /* CardError.swift */,
				6C68D2C2251A96E200FBAA36 /* UIViewControllerExtension.swift */,
			);
			path = Helpers;
			sourceTree = "<group>";
		};
		6C68D2AD251A822600FBAA36 /* Controllers */ = {
			isa = PBXGroup;
			children = (
				6C68D2AE251A823300FBAA36 /* Model Controllers */,
				6C68D2A8251A818200FBAA36 /* View Controllers */,
			);
			path = Controllers;
			sourceTree = "<group>";
		};
		6C68D2AE251A823300FBAA36 /* Model Controllers */ = {
			isa = PBXGroup;
			children = (
				6C68D2B6251A8B4D00FBAA36 /* CardController.swift */,
			);
			path = "Model Controllers";
			sourceTree = "<group>";
		};
		6C68D2B1251A824D00FBAA36 /* Views */ = {
			isa = PBXGroup;
			children = (
				6C68D298251A79B900FBAA36 /* Main.storyboard */,
			);
			path = Views;
			sourceTree = "<group>";
		};
/* End PBXGroup section */

/* Begin PBXNativeTarget section */
		6C68D28E251A79B900FBAA36 /* DeckOfOneCard */ = {
			isa = PBXNativeTarget;
			buildConfigurationList = 6C68D2A3251A79BB00FBAA36 /* Build configuration list for PBXNativeTarget "DeckOfOneCard" */;
			buildPhases = (
				6C68D28B251A79B900FBAA36 /* Sources */,
				6C68D28C251A79B900FBAA36 /* Frameworks */,
				6C68D28D251A79B900FBAA36 /* Resources */,
			);
			buildRules = (
			);
			dependencies = (
			);
			name = DeckOfOneCard;
			productName = DeckOfOneCard;
			productReference = 6C68D28F251A79B900FBAA36 /* DeckOfOneCard.app */;
			productType = "com.apple.product-type.application";
		};
/* End PBXNativeTarget section */

/* Begin PBXProject section */
		6C68D287251A79B800FBAA36 /* Project object */ = {
			isa = PBXProject;
			attributes = {
				LastSwiftUpdateCheck = 1200;
				LastUpgradeCheck = 1200;
				TargetAttributes = {
					6C68D28E251A79B900FBAA36 = {
						CreatedOnToolsVersion = 12.0;
					};
				};
			};
			buildConfigurationList = 6C68D28A251A79B800FBAA36 /* Build configuration list for PBXProject "DeckOfOneCard" */;
			compatibilityVersion = "Xcode 9.3";
			developmentRegion = en;
			hasScannedForEncodings = 0;
			knownRegions = (
				en,
				Base,
			);
			mainGroup = 6C68D286251A79B800FBAA36;
			productRefGroup = 6C68D290251A79B900FBAA36 /* Products */;
			projectDirPath = "";
			projectRoot = "";
			targets = (
				6C68D28E251A79B900FBAA36 /* DeckOfOneCard */,
			);
		};
/* End PBXProject section */

/* Begin PBXResourcesBuildPhase section */
		6C68D28D251A79B900FBAA36 /* Resources */ = {
			isa = PBXResourcesBuildPhase;
			buildActionMask = 2147483647;
			files = (
				6C68D29F251A79BB00FBAA36 /* LaunchScreen.storyboard in Resources */,
				6C68D29C251A79BB00FBAA36 /* Assets.xcassets in Resources */,
				6C68D29A251A79B900FBAA36 /* Main.storyboard in Resources */,
			);
			runOnlyForDeploymentPostprocessing = 0;
		};
/* End PBXResourcesBuildPhase section */

/* Begin PBXSourcesBuildPhase section */
		6C68D28B251A79B900FBAA36 /* Sources */ = {
			isa = PBXSourcesBuildPhase;
			buildActionMask = 2147483647;
			files = (
				6C68D293251A79B900FBAA36 /* AppDelegate.swift in Sources */,
				6C68D2C6251A995600FBAA36 /* CardViewController.swift in Sources */,
				6C68D2B7251A8B4D00FBAA36 /* CardController.swift in Sources */,
				6C68D2C3251A96E200FBAA36 /* UIViewControllerExtension.swift in Sources */,
				6C68D2B4251A8A5700FBAA36 /* Card.swift in Sources */,
				6C68D2BF251A8DA800FBAA36 /* CardError.swift in Sources */,
				6C68D295251A79B900FBAA36 /* SceneDelegate.swift in Sources */,
			);
			runOnlyForDeploymentPostprocessing = 0;
		};
/* End PBXSourcesBuildPhase section */

/* Begin PBXVariantGroup section */
		6C68D298251A79B900FBAA36 /* Main.storyboard */ = {
			isa = PBXVariantGroup;
			children = (
				6C68D299251A79B900FBAA36 /* Base */,
			);
			name = Main.storyboard;
			sourceTree = "<group>";
		};
		6C68D29D251A79BB00FBAA36 /* LaunchScreen.storyboard */ = {
			isa = PBXVariantGroup;
			children = (
				6C68D29E251A79BB00FBAA36 /* Base */,
			);
			name = LaunchScreen.storyboard;
			sourceTree = "<group>";
		};
/* End PBXVariantGroup section */

/* Begin XCBuildConfiguration section */
		6C68D2A1251A79BB00FBAA36 /* Debug */ = {
			isa = XCBuildConfiguration;
			buildSettings = {
				ALWAYS_SEARCH_USER_PATHS = NO;
				CLANG_ANALYZER_NONNULL = YES;
				CLANG_ANALYZER_NUMBER_OBJECT_CONVERSION = YES_AGGRESSIVE;
				CLANG_CXX_LANGUAGE_STANDARD = "gnu++14";
				CLANG_CXX_LIBRARY = "libc++";
				CLANG_ENABLE_MODULES = YES;
				CLANG_ENABLE_OBJC_ARC = YES;
				CLANG_ENABLE_OBJC_WEAK = YES;
				CLANG_WARN_BLOCK_CAPTURE_AUTORELEASING = YES;
				CLANG_WARN_BOOL_CONVERSION = YES;
				CLANG_WARN_COMMA = YES;
				CLANG_WARN_CONSTANT_CONVERSION = YES;
				CLANG_WARN_DEPRECATED_OBJC_IMPLEMENTATIONS = YES;
				CLANG_WARN_DIRECT_OBJC_ISA_USAGE = YES_ERROR;
				CLANG_WARN_DOCUMENTATION_COMMENTS = YES;
				CLANG_WARN_EMPTY_BODY = YES;
				CLANG_WARN_ENUM_CONVERSION = YES;
				CLANG_WARN_INFINITE_RECURSION = YES;
				CLANG_WARN_INT_CONVERSION = YES;
				CLANG_WARN_NON_LITERAL_NULL_CONVERSION = YES;
				CLANG_WARN_OBJC_IMPLICIT_RETAIN_SELF = YES;
				CLANG_WARN_OBJC_LITERAL_CONVERSION = YES;
				CLANG_WARN_OBJC_ROOT_CLASS = YES_ERROR;
				CLANG_WARN_QUOTED_INCLUDE_IN_FRAMEWORK_HEADER = YES;
				CLANG_WARN_RANGE_LOOP_ANALYSIS = YES;
				CLANG_WARN_STRICT_PROTOTYPES = YES;
				CLANG_WARN_SUSPICIOUS_MOVE = YES;
				CLANG_WARN_UNGUARDED_AVAILABILITY = YES_AGGRESSIVE;
				CLANG_WARN_UNREACHABLE_CODE = YES;
				CLANG_WARN__DUPLICATE_METHOD_MATCH = YES;
				COPY_PHASE_STRIP = NO;
				DEBUG_INFORMATION_FORMAT = dwarf;
				ENABLE_STRICT_OBJC_MSGSEND = YES;
				ENABLE_TESTABILITY = YES;
				GCC_C_LANGUAGE_STANDARD = gnu11;
				GCC_DYNAMIC_NO_PIC = NO;
				GCC_NO_COMMON_BLOCKS = YES;
				GCC_OPTIMIZATION_LEVEL = 0;
				GCC_PREPROCESSOR_DEFINITIONS = (
					"DEBUG=1",
					"$(inherited)",
				);
				GCC_WARN_64_TO_32_BIT_CONVERSION = YES;
				GCC_WARN_ABOUT_RETURN_TYPE = YES_ERROR;
				GCC_WARN_UNDECLARED_SELECTOR = YES;
				GCC_WARN_UNINITIALIZED_AUTOS = YES_AGGRESSIVE;
				GCC_WARN_UNUSED_FUNCTION = YES;
				GCC_WARN_UNUSED_VARIABLE = YES;
				IPHONEOS_DEPLOYMENT_TARGET = 14.0;
				MTL_ENABLE_DEBUG_INFO = INCLUDE_SOURCE;
				MTL_FAST_MATH = YES;
				ONLY_ACTIVE_ARCH = YES;
				SDKROOT = iphoneos;
				SWIFT_ACTIVE_COMPILATION_CONDITIONS = DEBUG;
				SWIFT_OPTIMIZATION_LEVEL = "-Onone";
			};
			name = Debug;
		};
		6C68D2A2251A79BB00FBAA36 /* Release */ = {
			isa = XCBuildConfiguration;
			buildSettings = {
				ALWAYS_SEARCH_USER_PATHS = NO;
				CLANG_ANALYZER_NONNULL = YES;
				CLANG_ANALYZER_NUMBER_OBJECT_CONVERSION = YES_AGGRESSIVE;
				CLANG_CXX_LANGUAGE_STANDARD = "gnu++14";
				CLANG_CXX_LIBRARY = "libc++";
				CLANG_ENABLE_MODULES = YES;
				CLANG_ENABLE_OBJC_ARC = YES;
				CLANG_ENABLE_OBJC_WEAK = YES;
				CLANG_WARN_BLOCK_CAPTURE_AUTORELEASING = YES;
				CLANG_WARN_BOOL_CONVERSION = YES;
				CLANG_WARN_COMMA = YES;
				CLANG_WARN_CONSTANT_CONVERSION = YES;
				CLANG_WARN_DEPRECATED_OBJC_IMPLEMENTATIONS = YES;
				CLANG_WARN_DIRECT_OBJC_ISA_USAGE = YES_ERROR;
				CLANG_WARN_DOCUMENTATION_COMMENTS = YES;
				CLANG_WARN_EMPTY_BODY = YES;
				CLANG_WARN_ENUM_CONVERSION = YES;
				CLANG_WARN_INFINITE_RECURSION = YES;
				CLANG_WARN_INT_CONVERSION = YES;
				CLANG_WARN_NON_LITERAL_NULL_CONVERSION = YES;
				CLANG_WARN_OBJC_IMPLICIT_RETAIN_SELF = YES;
				CLANG_WARN_OBJC_LITERAL_CONVERSION = YES;
				CLANG_WARN_OBJC_ROOT_CLASS = YES_ERROR;
				CLANG_WARN_QUOTED_INCLUDE_IN_FRAMEWORK_HEADER = YES;
				CLANG_WARN_RANGE_LOOP_ANALYSIS = YES;
				CLANG_WARN_STRICT_PROTOTYPES = YES;
				CLANG_WARN_SUSPICIOUS_MOVE = YES;
				CLANG_WARN_UNGUARDED_AVAILABILITY = YES_AGGRESSIVE;
				CLANG_WARN_UNREACHABLE_CODE = YES;
				CLANG_WARN__DUPLICATE_METHOD_MATCH = YES;
				COPY_PHASE_STRIP = NO;
				DEBUG_INFORMATION_FORMAT = "dwarf-with-dsym";
				ENABLE_NS_ASSERTIONS = NO;
				ENABLE_STRICT_OBJC_MSGSEND = YES;
				GCC_C_LANGUAGE_STANDARD = gnu11;
				GCC_NO_COMMON_BLOCKS = YES;
				GCC_WARN_64_TO_32_BIT_CONVERSION = YES;
				GCC_WARN_ABOUT_RETURN_TYPE = YES_ERROR;
				GCC_WARN_UNDECLARED_SELECTOR = YES;
				GCC_WARN_UNINITIALIZED_AUTOS = YES_AGGRESSIVE;
				GCC_WARN_UNUSED_FUNCTION = YES;
				GCC_WARN_UNUSED_VARIABLE = YES;
				IPHONEOS_DEPLOYMENT_TARGET = 14.0;
				MTL_ENABLE_DEBUG_INFO = NO;
				MTL_FAST_MATH = YES;
				SDKROOT = iphoneos;
				SWIFT_COMPILATION_MODE = wholemodule;
				SWIFT_OPTIMIZATION_LEVEL = "-O";
				VALIDATE_PRODUCT = YES;
			};
			name = Release;
		};
		6C68D2A4251A79BB00FBAA36 /* Debug */ = {
			isa = XCBuildConfiguration;
			buildSettings = {
				ASSETCATALOG_COMPILER_APPICON_NAME = AppIcon;
				ASSETCATALOG_COMPILER_GLOBAL_ACCENT_COLOR_NAME = AccentColor;
				CODE_SIGN_STYLE = Automatic;
				DEVELOPMENT_TEAM = FK22X67JSW;
				INFOPLIST_FILE = DeckOfOneCard/References/Info.plist;
				LD_RUNPATH_SEARCH_PATHS = (
					"$(inherited)",
					"@executable_path/Frameworks",
				);
				PRODUCT_BUNDLE_IDENTIFIER = com.LauraJelenich.DeckOfOneCard;
				PRODUCT_NAME = "$(TARGET_NAME)";
				SWIFT_VERSION = 5.0;
				TARGETED_DEVICE_FAMILY = "1,2";
			};
			name = Debug;
		};
		6C68D2A5251A79BB00FBAA36 /* Release */ = {
			isa = XCBuildConfiguration;
			buildSettings = {
				ASSETCATALOG_COMPILER_APPICON_NAME = AppIcon;
				ASSETCATALOG_COMPILER_GLOBAL_ACCENT_COLOR_NAME = AccentColor;
				CODE_SIGN_STYLE = Automatic;
				DEVELOPMENT_TEAM = FK22X67JSW;
				INFOPLIST_FILE = DeckOfOneCard/References/Info.plist;
				LD_RUNPATH_SEARCH_PATHS = (
					"$(inherited)",
					"@executable_path/Frameworks",
				);
				PRODUCT_BUNDLE_IDENTIFIER = com.LauraJelenich.DeckOfOneCard;
				PRODUCT_NAME = "$(TARGET_NAME)";
				SWIFT_VERSION = 5.0;
				TARGETED_DEVICE_FAMILY = "1,2";
			};
			name = Release;
		};
/* End XCBuildConfiguration section */

/* Begin XCConfigurationList section */
		6C68D28A251A79B800FBAA36 /* Build configuration list for PBXProject "DeckOfOneCard" */ = {
			isa = XCConfigurationList;
			buildConfigurations = (
				6C68D2A1251A79BB00FBAA36 /* Debug */,
				6C68D2A2251A79BB00FBAA36 /* Release */,
			);
			defaultConfigurationIsVisible = 0;
			defaultConfigurationName = Release;
		};
		6C68D2A3251A79BB00FBAA36 /* Build configuration list for PBXNativeTarget "DeckOfOneCard" */ = {
			isa = XCConfigurationList;
			buildConfigurations = (
				6C68D2A4251A79BB00FBAA36 /* Debug */,
				6C68D2A5251A79BB00FBAA36 /* Release */,
			);
			defaultConfigurationIsVisible = 0;
			defaultConfigurationName = Release;
		};
/* End XCConfigurationList section */
	};
	rootObject = 6C68D287251A79B800FBAA36 /* Project object */;
}
